
Microsoft Visual Studio Solution File, Format Version 12.00
# Visual Studio Version 16
VisualStudioVersion = 25.0.1706.9
MinimumVisualStudioVersion = 10.0.40219.1
Project("{FAE04EC0-301F-11D3-BF4B-00C04F79EFBC}") = "IdentityManager", "IdentityManager.csproj", "{936DCDF5-0C20-45B7-872C-4F09207521E1}"
EndProject
Global
	GlobalSection(SolutionConfigurationPlatforms) = preSolution
		Debug|Any CPU = Debug|Any CPU
		Release|Any CPU = Release|Any CPU
	EndGlobalSection
	GlobalSection(ProjectConfigurationPlatforms) = postSolution
		{936DCDF5-0C20-45B7-872C-4F09207521E1}.Debug|Any CPU.ActiveCfg = Debug|Any CPU
		{936DCDF5-0C20-45B7-872C-4F09207521E1}.Debug|Any CPU.Build.0 = Debug|Any CPU
		{936DCDF5-0C20-45B7-872C-4F09207521E1}.Release|Any CPU.ActiveCfg = Release|Any CPU
		{936DCDF5-0C20-45B7-872C-4F09207521E1}.Release|Any CPU.Build.0 = Release|Any CPU
	EndGlobalSection
	GlobalSection(SolutionProperties) = preSolution
		HideSolutionNode = FALSE
	EndGlobalSection
	GlobalSection(ExtensibilityGlobals) = postSolution
		SolutionGuid = {E46E0D62-7EFB-49B4-9D9C-01F10C28F69E}
	EndGlobalSection
EndGlobal
